
Microsoft Visual Studio Solution File, Format Version 12.00
# Visual Studio Version 16
VisualStudioVersion = 16.0.28729.10
MinimumVisualStudioVersion = 10.0.40219.1
Project("{FAE04EC0-301F-11D3-BF4B-00C04F79EFBC}") = "EX_CG_AULA_2", "EX_CG_AULA_2\EX_CG_AULA_2.csproj", "{53FFF454-4663-45B9-9609-54A224D8ABFF}"
EndProject
Global
	GlobalSection(SolutionConfigurationPlatforms) = preSolution
		Debug|Any CPU = Debug|Any CPU
		Release|Any CPU = Release|Any CPU
	EndGlobalSection
	GlobalSection(ProjectConfigurationPlatforms) = postSolution
		{53FFF454-4663-45B9-9609-54A224D8ABFF}.Debug|Any CPU.ActiveCfg = Debug|Any CPU
		{53FFF454-4663-45B9-9609-54A224D8ABFF}.Debug|Any CPU.Build.0 = Debug|Any CPU
		{53FFF454-4663-45B9-9609-54A224D8ABFF}.Release|Any CPU.ActiveCfg = Release|Any CPU
		{53FFF454-4663-45B9-9609-54A224D8ABFF}.Release|Any CPU.Build.0 = Release|Any CPU
	EndGlobalSection
	GlobalSection(SolutionProperties) = preSolution
		HideSolutionNode = FALSE
	EndGlobalSection
	GlobalSection(ExtensibilityGlobals) = postSolution
		SolutionGuid = {AF9B4472-3B1E-4CE8-A8D8-0518C4A03BA2}
	EndGlobalSection
EndGlobal
